
Microsoft Visual Studio Solution File, Format Version 12.00
# Visual Studio Version 16
VisualStudioVersion = 25.0.1705.2
MinimumVisualStudioVersion = 10.0.40219.1
Project("{FAE04EC0-301F-11D3-BF4B-00C04F79EFBC}") = "StockQuoteAlert", "StockQuoteAlert.csproj", "{79D6CEB0-E90F-42F2-9645-E4E7974CA747}"
EndProject
Global
	GlobalSection(SolutionConfigurationPlatforms) = preSolution
		Debug|Any CPU = Debug|Any CPU
		Release|Any CPU = Release|Any CPU
	EndGlobalSection
	GlobalSection(ProjectConfigurationPlatforms) = postSolution
		{79D6CEB0-E90F-42F2-9645-E4E7974CA747}.Debug|Any CPU.ActiveCfg = Debug|Any CPU
		{79D6CEB0-E90F-42F2-9645-E4E7974CA747}.Debug|Any CPU.Build.0 = Debug|Any CPU
		{79D6CEB0-E90F-42F2-9645-E4E7974CA747}.Release|Any CPU.ActiveCfg = Release|Any CPU
		{79D6CEB0-E90F-42F2-9645-E4E7974CA747}.Release|Any CPU.Build.0 = Release|Any CPU
	EndGlobalSection
	GlobalSection(SolutionProperties) = preSolution
		HideSolutionNode = FALSE
	EndGlobalSection
	GlobalSection(ExtensibilityGlobals) = postSolution
		SolutionGuid = {041978EF-3B1F-438A-96C0-50E686907D9C}
	EndGlobalSection
EndGlobal
